
Microsoft Visual Studio Solution File, Format Version 12.00
# Visual Studio Version 17
VisualStudioVersion = 17.5.33516.290
MinimumVisualStudioVersion = 10.0.40219.1
Project("{9A19103F-16F7-4668-BE54-9A1E7A4F7556}") = "IL.RankedCache", "Code\IL.RankedCache.csproj", "{FD392FCE-C88D-4284-9D6C-0B50B5CF2BE8}"
EndProject
Project("{9A19103F-16F7-4668-BE54-9A1E7A4F7556}") = "IL.RankedCache.Tests", "Tests\IL.RankedCache.Tests.csproj", "{A890989A-981C-4A2B-95F4-DC8551586D08}"
EndProject
Global
	GlobalSection(SolutionConfigurationPlatforms) = preSolution
		Debug|Any CPU = Debug|Any CPU
		Release|Any CPU = Release|Any CPU
	EndGlobalSection
	GlobalSection(ProjectConfigurationPlatforms) = postSolution
		{FD392FCE-C88D-4284-9D6C-0B50B5CF2BE8}.Debug|Any CPU.ActiveCfg = Debug|Any CPU
		{FD392FCE-C88D-4284-9D6C-0B50B5CF2BE8}.Debug|Any CPU.Build.0 = Debug|Any CPU
		{FD392FCE-C88D-4284-9D6C-0B50B5CF2BE8}.Release|Any CPU.ActiveCfg = Release|Any CPU
		{FD392FCE-C88D-4284-9D6C-0B50B5CF2BE8}.Release|Any CPU.Build.0 = Release|Any CPU
		{A890989A-981C-4A2B-95F4-DC8551586D08}.Debug|Any CPU.ActiveCfg = Debug|Any CPU
		{A890989A-981C-4A2B-95F4-DC8551586D08}.Debug|Any CPU.Build.0 = Debug|Any CPU
		{A890989A-981C-4A2B-95F4-DC8551586D08}.Release|Any CPU.ActiveCfg = Release|Any CPU
		{A890989A-981C-4A2B-95F4-DC8551586D08}.Release|Any CPU.Build.0 = Release|Any CPU
	EndGlobalSection
	GlobalSection(SolutionProperties) = preSolution
		HideSolutionNode = FALSE
	EndGlobalSection
	GlobalSection(ExtensibilityGlobals) = postSolution
		SolutionGuid = {04BCB643-7F26-48E3-986A-6A6AA01586DE}
	EndGlobalSection
EndGlobal
